{
    "version": 3,
    "terraform_version": "0.12.31",
    "serial": 1,
    "lineage": "cc1b7595-3c77-c6eb-a753-eafa3ab660f8",
    "modules": [
        {
            "path": [
                "root"
            ],
            "outputs": {
                "google_compute_address_tfer--unifi-external-ip_self_link": {
                    "sensitive": false,
                    "type": "string",
                    "value": "https://www.googleapis.com/compute/v1/projects/secure-potion-227516/regions/us-east1/addresses/unifi-external-ip"
                },
                "google_compute_disk_tfer--us-east1-b-002F-unifi-controller_self_link": {
                    "sensitive": false,
                    "type": "string",
                    "value": "https://www.googleapis.com/compute/v1/projects/secure-potion-227516/zones/us-east1-b/disks/unifi-controller"
                },
                "google_compute_firewall_tfer--allow-unifi_self_link": {
                    "sensitive": false,
                    "type": "string",
                    "value": "https://www.googleapis.com/compute/v1/projects/secure-potion-227516/global/firewalls/allow-unifi"
                },
                "google_compute_firewall_tfer--default-allow-icmp_self_link": {
                    "sensitive": false,
                    "type": "string",
                    "value": "https://www.googleapis.com/compute/v1/projects/secure-potion-227516/global/firewalls/default-allow-icmp"
                },
                "google_compute_firewall_tfer--default-allow-internal_self_link": {
                    "sensitive": false,
                    "type": "string",
                    "value": "https://www.googleapis.com/compute/v1/projects/secure-potion-227516/global/firewalls/default-allow-internal"
                },
                "google_compute_firewall_tfer--default-allow-rdp_self_link": {
                    "sensitive": false,
                    "type": "string",
                    "value": "https://www.googleapis.com/compute/v1/projects/secure-potion-227516/global/firewalls/default-allow-rdp"
                },
                "google_compute_firewall_tfer--default-allow-ssh_self_link": {
                    "sensitive": false,
                    "type": "string",
                    "value": "https://www.googleapis.com/compute/v1/projects/secure-potion-227516/global/firewalls/default-allow-ssh"
                },
                "google_compute_instance_tfer--unifi-controller_self_link": {
                    "sensitive": false,
                    "type": "string",
                    "value": "https://www.googleapis.com/compute/v1/projects/secure-potion-227516/zones/us-east1-b/instances/unifi-controller"
                },
                "google_compute_network_tfer--default_self_link": {
                    "sensitive": false,
                    "type": "string",
                    "value": "https://www.googleapis.com/compute/v1/projects/secure-potion-227516/global/networks/default"
                },
                "google_compute_route_tfer--default-route-080534253aebe143_self_link": {
                    "sensitive": false,
                    "type": "string",
                    "value": "https://www.googleapis.com/compute/v1/projects/secure-potion-227516/global/routes/default-route-080534253aebe143"
                },
                "google_compute_route_tfer--default-route-08fb8bf1634da063_self_link": {
                    "sensitive": false,
                    "type": "string",
                    "value": "https://www.googleapis.com/compute/v1/projects/secure-potion-227516/global/routes/default-route-08fb8bf1634da063"
                },
                "google_compute_route_tfer--default-route-0cc149da52ee7418_self_link": {
                    "sensitive": false,
                    "type": "string",
                    "value": "https://www.googleapis.com/compute/v1/projects/secure-potion-227516/global/routes/default-route-0cc149da52ee7418"
                },
                "google_compute_route_tfer--default-route-1eac9ffcb29b635e_self_link": {
                    "sensitive": false,
                    "type": "string",
                    "value": "https://www.googleapis.com/compute/v1/projects/secure-potion-227516/global/routes/default-route-1eac9ffcb29b635e"
                },
                "google_compute_route_tfer--default-route-234b36392f387727_self_link": {
                    "sensitive": false,
                    "type": "string",
                    "value": "https://www.googleapis.com/compute/v1/projects/secure-potion-227516/global/routes/default-route-234b36392f387727"
                },
                "google_compute_route_tfer--default-route-35333fbebd4a6172_self_link": {
                    "sensitive": false,
                    "type": "string",
                    "value": "https://www.googleapis.com/compute/v1/projects/secure-potion-227516/global/routes/default-route-35333fbebd4a6172"
                },
                "google_compute_route_tfer--default-route-3671883629f04cf2_self_link": {
                    "sensitive": false,
                    "type": "string",
                    "value": "https://www.googleapis.com/compute/v1/projects/secure-potion-227516/global/routes/default-route-3671883629f04cf2"
                },
                "google_compute_route_tfer--default-route-49e0f7a5e0840229_self_link": {
                    "sensitive": false,
                    "type": "string",
                    "value": "https://www.googleapis.com/compute/v1/projects/secure-potion-227516/global/routes/default-route-49e0f7a5e0840229"
                },
                "google_compute_route_tfer--default-route-52dcb720163ed604_self_link": {
                    "sensitive": false,
                    "type": "string",
                    "value": "https://www.googleapis.com/compute/v1/projects/secure-potion-227516/global/routes/default-route-52dcb720163ed604"
                },
                "google_compute_route_tfer--default-route-5ec1855776e79ec5_self_link": {
                    "sensitive": false,
                    "type": "string",
                    "value": "https://www.googleapis.com/compute/v1/projects/secure-potion-227516/global/routes/default-route-5ec1855776e79ec5"
                },
                "google_compute_route_tfer--default-route-6966320a7664f95e_self_link": {
                    "sensitive": false,
                    "type": "string",
                    "value": "https://www.googleapis.com/compute/v1/projects/secure-potion-227516/global/routes/default-route-6966320a7664f95e"
                },
                "google_compute_route_tfer--default-route-6f67f0fca0b9bca7_self_link": {
                    "sensitive": false,
                    "type": "string",
                    "value": "https://www.googleapis.com/compute/v1/projects/secure-potion-227516/global/routes/default-route-6f67f0fca0b9bca7"
                },
                "google_compute_route_tfer--default-route-706cae88d9eb0524_self_link": {
                    "sensitive": false,
                    "type": "string",
                    "value": "https://www.googleapis.com/compute/v1/projects/secure-potion-227516/global/routes/default-route-706cae88d9eb0524"
                },
                "google_compute_route_tfer--default-route-75f7f500f7c1e845_self_link": {
                    "sensitive": false,
                    "type": "string",
                    "value": "https://www.googleapis.com/compute/v1/projects/secure-potion-227516/global/routes/default-route-75f7f500f7c1e845"
                },
                "google_compute_route_tfer--default-route-7a3f0d3b45b1713f_self_link": {
                    "sensitive": false,
                    "type": "string",
                    "value": "https://www.googleapis.com/compute/v1/projects/secure-potion-227516/global/routes/default-route-7a3f0d3b45b1713f"
                },
                "google_compute_route_tfer--default-route-8307b8df14f3616a_self_link": {
                    "sensitive": false,
                    "type": "string",
                    "value": "https://www.googleapis.com/compute/v1/projects/secure-potion-227516/global/routes/default-route-8307b8df14f3616a"
                },
                "google_compute_route_tfer--default-route-8cad943dc88ebb54_self_link": {
                    "sensitive": false,
                    "type": "string",
                    "value": "https://www.googleapis.com/compute/v1/projects/secure-potion-227516/global/routes/default-route-8cad943dc88ebb54"
                },
                "google_compute_route_tfer--default-route-8dcf62e95dc4e482_self_link": {
                    "sensitive": false,
                    "type": "string",
                    "value": "https://www.googleapis.com/compute/v1/projects/secure-potion-227516/global/routes/default-route-8dcf62e95dc4e482"
                },
                "google_compute_route_tfer--default-route-917185dde4ed9c74_self_link": {
                    "sensitive": false,
                    "type": "string",
                    "value": "https://www.googleapis.com/compute/v1/projects/secure-potion-227516/global/routes/default-route-917185dde4ed9c74"
                },
                "google_compute_route_tfer--default-route-9d1f55e21b960275_self_link": {
                    "sensitive": false,
                    "type": "string",
                    "value": "https://www.googleapis.com/compute/v1/projects/secure-potion-227516/global/routes/default-route-9d1f55e21b960275"
                },
                "google_compute_route_tfer--default-route-ae0a5c442d872c9d_self_link": {
                    "sensitive": false,
                    "type": "string",
                    "value": "https://www.googleapis.com/compute/v1/projects/secure-potion-227516/global/routes/default-route-ae0a5c442d872c9d"
                },
                "google_compute_route_tfer--default-route-bbd10e67ce3f1df3_self_link": {
                    "sensitive": false,
                    "type": "string",
                    "value": "https://www.googleapis.com/compute/v1/projects/secure-potion-227516/global/routes/default-route-bbd10e67ce3f1df3"
                },
                "google_compute_route_tfer--default-route-bcc5b4396e5e8bfc_self_link": {
                    "sensitive": false,
                    "type": "string",
                    "value": "https://www.googleapis.com/compute/v1/projects/secure-potion-227516/global/routes/default-route-bcc5b4396e5e8bfc"
                },
                "google_compute_route_tfer--default-route-c3e35b160e316654_self_link": {
                    "sensitive": false,
                    "type": "string",
                    "value": "https://www.googleapis.com/compute/v1/projects/secure-potion-227516/global/routes/default-route-c3e35b160e316654"
                },
                "google_compute_route_tfer--default-route-c56721e13ba605fb_self_link": {
                    "sensitive": false,
                    "type": "string",
                    "value": "https://www.googleapis.com/compute/v1/projects/secure-potion-227516/global/routes/default-route-c56721e13ba605fb"
                },
                "google_compute_route_tfer--default-route-c8f44ebf1b6e0ff5_self_link": {
                    "sensitive": false,
                    "type": "string",
                    "value": "https://www.googleapis.com/compute/v1/projects/secure-potion-227516/global/routes/default-route-c8f44ebf1b6e0ff5"
                },
                "google_compute_route_tfer--default-route-cd04f51017fdfaad_self_link": {
                    "sensitive": false,
                    "type": "string",
                    "value": "https://www.googleapis.com/compute/v1/projects/secure-potion-227516/global/routes/default-route-cd04f51017fdfaad"
                },
                "google_compute_route_tfer--default-route-d243bf68c9f8d136_self_link": {
                    "sensitive": false,
                    "type": "string",
                    "value": "https://www.googleapis.com/compute/v1/projects/secure-potion-227516/global/routes/default-route-d243bf68c9f8d136"
                },
                "google_compute_route_tfer--default-route-e723af00749ddd26_self_link": {
                    "sensitive": false,
                    "type": "string",
                    "value": "https://www.googleapis.com/compute/v1/projects/secure-potion-227516/global/routes/default-route-e723af00749ddd26"
                },
                "google_compute_route_tfer--default-route-f86482ad43250db2_self_link": {
                    "sensitive": false,
                    "type": "string",
                    "value": "https://www.googleapis.com/compute/v1/projects/secure-potion-227516/global/routes/default-route-f86482ad43250db2"
                },
                "google_compute_route_tfer--default-route-fd9533959c2ccc94_self_link": {
                    "sensitive": false,
                    "type": "string",
                    "value": "https://www.googleapis.com/compute/v1/projects/secure-potion-227516/global/routes/default-route-fd9533959c2ccc94"
                },
                "google_compute_subnetwork_tfer--default_self_link": {
                    "sensitive": false,
                    "type": "string",
                    "value": "https://www.googleapis.com/compute/v1/projects/secure-potion-227516/regions/us-east1/subnetworks/default"
                },
                "google_project_tfer--secure-potion-227516_id": {
                    "sensitive": false,
                    "type": "string",
                    "value": "secure-potion-227516"
                },
                "google_storage_bucket_acl_tfer--maddie-daddy_id": {
                    "sensitive": false,
                    "type": "string",
                    "value": "maddie-daddy"
                },
                "google_storage_bucket_iam_binding_tfer--maddie-daddy_id": {
                    "sensitive": false,
                    "type": "string",
                    "value": "maddie-daddy"
                },
                "google_storage_bucket_iam_policy_tfer--maddie-daddy_id": {
                    "sensitive": false,
                    "type": "string",
                    "value": "maddie-daddy"
                },
                "google_storage_bucket_tfer--maddie-daddy_self_link": {
                    "sensitive": false,
                    "type": "string",
                    "value": "https://www.googleapis.com/storage/v1/b/maddie-daddy"
                },
                "google_storage_default_object_acl_tfer--maddie-daddy_id": {
                    "sensitive": false,
                    "type": "string",
                    "value": "maddie-daddy"
                }
            },
            "resources": {
                "google_compute_address.tfer--unifi-external-ip": {
                    "type": "google_compute_address",
                    "depends_on": [],
                    "primary": {
                        "id": "unifi-external-ip",
                        "attributes": {
                            "address": "35.229.125.188",
                            "address_type": "EXTERNAL",
                            "creation_timestamp": "2021-12-12T08:16:20.689-08:00",
                            "description": "",
                            "id": "unifi-external-ip",
                            "name": "unifi-external-ip",
                            "network": "",
                            "network_tier": "PREMIUM",
                            "prefix_length": "0",
                            "project": "secure-potion-227516",
                            "purpose": "",
                            "region": "us-east1",
                            "self_link": "https://www.googleapis.com/compute/v1/projects/secure-potion-227516/regions/us-east1/addresses/unifi-external-ip",
                            "subnetwork": "",
                            "users.#": "1",
                            "users.0": "https://www.googleapis.com/compute/v1/projects/secure-potion-227516/zones/us-east1-b/instances/unifi-controller"
                        },
                        "meta": {
                            "schema_version": 0
                        },
                        "tainted": false
                    },
                    "deposed": [],
                    "provider": "provider.google"
                },
                "google_compute_disk.tfer--us-east1-b-002F-unifi-controller": {
                    "type": "google_compute_disk",
                    "depends_on": [],
                    "primary": {
                        "id": "us-east1-b/unifi-controller",
                        "attributes": {
                            "creation_timestamp": "2020-07-16T08:55:21.585-07:00",
                            "description": "",
                            "disk_encryption_key.#": "0",
                            "id": "us-east1-b/unifi-controller",
                            "image": "https://www.googleapis.com/compute/v1/projects/debian-cloud/global/images/debian-9-stretch-v20200714",
                            "label_fingerprint": "42WmSpB8rSM=",
                            "labels.%": "0",
                            "last_attach_timestamp": "2020-07-16T08:55:21.586-07:00",
                            "last_detach_timestamp": "",
                            "name": "unifi-controller",
                            "physical_block_size_bytes": "4096",
                            "project": "secure-potion-227516",
                            "provisioned_iops": "0",
                            "self_link": "https://www.googleapis.com/compute/v1/projects/secure-potion-227516/zones/us-east1-b/disks/unifi-controller",
                            "size": "15",
                            "snapshot": "",
                            "source_image_encryption_key.#": "0",
                            "source_image_id": "6875367401750448801",
                            "source_snapshot_encryption_key.#": "0",
                            "source_snapshot_id": "",
                            "type": "pd-standard",
                            "users.#": "1",
                            "users.0": "https://www.googleapis.com/compute/v1/projects/secure-potion-227516/zones/us-east1-b/instances/unifi-controller",
                            "zone": "us-east1-b"
                        },
                        "meta": {
                            "schema_version": 0
                        },
                        "tainted": false
                    },
                    "deposed": [],
                    "provider": "provider.google"
                },
                "google_compute_firewall.tfer--allow-unifi": {
                    "type": "google_compute_firewall",
                    "depends_on": [],
                    "primary": {
                        "id": "allow-unifi",
                        "attributes": {
                            "allow.#": "2",
                            "allow.0.ports.#": "1",
                            "allow.0.ports.0": "3478",
                            "allow.0.protocol": "udp",
                            "allow.1.ports.#": "7",
                            "allow.1.ports.0": "8443",
                            "allow.1.ports.1": "8080",
                            "allow.1.ports.2": "8880",
                            "allow.1.ports.3": "8843",
                            "allow.1.ports.4": "6789",
                            "allow.1.ports.5": "443",
                            "allow.1.ports.6": "80",
                            "allow.1.protocol": "tcp",
                            "creation_timestamp": "2020-07-16T08:42:55.701-07:00",
                            "deny.#": "0",
                            "description": "",
                            "destination_ranges.#": "0",
                            "direction": "INGRESS",
                            "disabled": "false",
                            "id": "allow-unifi",
                            "log_config.#": "0",
                            "name": "allow-unifi",
                            "network": "https://www.googleapis.com/compute/v1/projects/secure-potion-227516/global/networks/default",
                            "priority": "1000",
                            "project": "secure-potion-227516",
                            "self_link": "https://www.googleapis.com/compute/v1/projects/secure-potion-227516/global/firewalls/allow-unifi",
                            "source_ranges.#": "1",
                            "source_ranges.0": "0.0.0.0/0",
                            "source_service_accounts.#": "0",
                            "source_tags.#": "0",
                            "target_service_accounts.#": "0",
                            "target_tags.#": "1",
                            "target_tags.0": "unifi"
                        },
                        "meta": {
                            "schema_version": 1
                        },
                        "tainted": false
                    },
                    "deposed": [],
                    "provider": "provider.google"
                },
                "google_compute_firewall.tfer--default-allow-icmp": {
                    "type": "google_compute_firewall",
                    "depends_on": [],
                    "primary": {
                        "id": "default-allow-icmp",
                        "attributes": {
                            "allow.#": "1",
                            "allow.0.ports.#": "0",
                            "allow.0.protocol": "icmp",
                            "creation_timestamp": "2020-07-16T08:17:10.822-07:00",
                            "deny.#": "0",
                            "description": "Allow ICMP from anywhere",
                            "destination_ranges.#": "0",
                            "direction": "INGRESS",
                            "disabled": "false",
                            "id": "default-allow-icmp",
                            "log_config.#": "0",
                            "name": "default-allow-icmp",
                            "network": "https://www.googleapis.com/compute/v1/projects/secure-potion-227516/global/networks/default",
                            "priority": "65534",
                            "project": "secure-potion-227516",
                            "self_link": "https://www.googleapis.com/compute/v1/projects/secure-potion-227516/global/firewalls/default-allow-icmp",
                            "source_ranges.#": "1",
                            "source_ranges.0": "0.0.0.0/0",
                            "source_service_accounts.#": "0",
                            "source_tags.#": "0",
                            "target_service_accounts.#": "0",
                            "target_tags.#": "0"
                        },
                        "meta": {
                            "schema_version": 1
                        },
                        "tainted": false
                    },
                    "deposed": [],
                    "provider": "provider.google"
                },
                "google_compute_firewall.tfer--default-allow-internal": {
                    "type": "google_compute_firewall",
                    "depends_on": [],
                    "primary": {
                        "id": "default-allow-internal",
                        "attributes": {
                            "allow.#": "3",
                            "allow.0.ports.#": "1",
                            "allow.0.ports.0": "0-65535",
                            "allow.0.protocol": "tcp",
                            "allow.1.ports.#": "1",
                            "allow.1.ports.0": "0-65535",
                            "allow.1.protocol": "udp",
                            "allow.2.ports.#": "0",
                            "allow.2.protocol": "icmp",
                            "creation_timestamp": "2020-07-16T08:17:10.594-07:00",
                            "deny.#": "0",
                            "description": "Allow internal traffic on the default network",
                            "destination_ranges.#": "0",
                            "direction": "INGRESS",
                            "disabled": "false",
                            "id": "default-allow-internal",
                            "log_config.#": "0",
                            "name": "default-allow-internal",
                            "network": "https://www.googleapis.com/compute/v1/projects/secure-potion-227516/global/networks/default",
                            "priority": "65534",
                            "project": "secure-potion-227516",
                            "self_link": "https://www.googleapis.com/compute/v1/projects/secure-potion-227516/global/firewalls/default-allow-internal",
                            "source_ranges.#": "1",
                            "source_ranges.0": "10.128.0.0/9",
                            "source_service_accounts.#": "0",
                            "source_tags.#": "0",
                            "target_service_accounts.#": "0",
                            "target_tags.#": "0"
                        },
                        "meta": {
                            "schema_version": 1
                        },
                        "tainted": false
                    },
                    "deposed": [],
                    "provider": "provider.google"
                },
                "google_compute_firewall.tfer--default-allow-rdp": {
                    "type": "google_compute_firewall",
                    "depends_on": [],
                    "primary": {
                        "id": "default-allow-rdp",
                        "attributes": {
                            "allow.#": "1",
                            "allow.0.ports.#": "1",
                            "allow.0.ports.0": "3389",
                            "allow.0.protocol": "tcp",
                            "creation_timestamp": "2020-07-16T08:17:10.746-07:00",
                            "deny.#": "0",
                            "description": "Allow RDP from anywhere",
                            "destination_ranges.#": "0",
                            "direction": "INGRESS",
                            "disabled": "false",
                            "id": "default-allow-rdp",
                            "log_config.#": "0",
                            "name": "default-allow-rdp",
                            "network": "https://www.googleapis.com/compute/v1/projects/secure-potion-227516/global/networks/default",
                            "priority": "65534",
                            "project": "secure-potion-227516",
                            "self_link": "https://www.googleapis.com/compute/v1/projects/secure-potion-227516/global/firewalls/default-allow-rdp",
                            "source_ranges.#": "1",
                            "source_ranges.0": "0.0.0.0/0",
                            "source_service_accounts.#": "0",
                            "source_tags.#": "0",
                            "target_service_accounts.#": "0",
                            "target_tags.#": "0"
                        },
                        "meta": {
                            "schema_version": 1
                        },
                        "tainted": false
                    },
                    "deposed": [],
                    "provider": "provider.google"
                },
                "google_compute_firewall.tfer--default-allow-ssh": {
                    "type": "google_compute_firewall",
                    "depends_on": [],
                    "primary": {
                        "id": "default-allow-ssh",
                        "attributes": {
                            "allow.#": "1",
                            "allow.0.ports.#": "1",
                            "allow.0.ports.0": "22",
                            "allow.0.protocol": "tcp",
                            "creation_timestamp": "2020-07-16T08:17:10.670-07:00",
                            "deny.#": "0",
                            "description": "Allow SSH from anywhere",
                            "destination_ranges.#": "0",
                            "direction": "INGRESS",
                            "disabled": "false",
                            "id": "default-allow-ssh",
                            "log_config.#": "0",
                            "name": "default-allow-ssh",
                            "network": "https://www.googleapis.com/compute/v1/projects/secure-potion-227516/global/networks/default",
                            "priority": "65534",
                            "project": "secure-potion-227516",
                            "self_link": "https://www.googleapis.com/compute/v1/projects/secure-potion-227516/global/firewalls/default-allow-ssh",
                            "source_ranges.#": "1",
                            "source_ranges.0": "0.0.0.0/0",
                            "source_service_accounts.#": "0",
                            "source_tags.#": "0",
                            "target_service_accounts.#": "0",
                            "target_tags.#": "0"
                        },
                        "meta": {
                            "schema_version": 1
                        },
                        "tainted": false
                    },
                    "deposed": [],
                    "provider": "provider.google"
                },
                "google_compute_instance.tfer--unifi-controller": {
                    "type": "google_compute_instance",
                    "depends_on": [],
                    "primary": {
                        "id": "projects/secure-potion-227516/zones/us-east1-b/instances/unifi-controller",
                        "attributes": {
                            "advanced_machine_features.#": "0",
                            "attached_disk.#": "0",
                            "boot_disk.#": "1",
                            "boot_disk.0.auto_delete": "true",
                            "boot_disk.0.device_name": "unifi-controller",
                            "boot_disk.0.disk_encryption_key_raw": "",
                            "boot_disk.0.disk_encryption_key_sha256": "",
                            "boot_disk.0.initialize_params.#": "1",
                            "boot_disk.0.initialize_params.0.image": "https://www.googleapis.com/compute/v1/projects/debian-cloud/global/images/debian-9-stretch-v20200714",
                            "boot_disk.0.initialize_params.0.labels.%": "0",
                            "boot_disk.0.initialize_params.0.size": "15",
                            "boot_disk.0.initialize_params.0.type": "pd-standard",
                            "boot_disk.0.kms_key_self_link": "",
                            "boot_disk.0.mode": "READ_WRITE",
                            "boot_disk.0.source": "https://www.googleapis.com/compute/v1/projects/secure-potion-227516/zones/us-east1-b/disks/unifi-controller",
                            "can_ip_forward": "false",
                            "confidential_instance_config.#": "0",
                            "cpu_platform": "Intel Haswell",
                            "current_status": "RUNNING",
                            "deletion_protection": "false",
                            "description": "",
                            "enable_display": "false",
                            "guest_accelerator.#": "0",
                            "hostname": "",
                            "id": "projects/secure-potion-227516/zones/us-east1-b/instances/unifi-controller",
                            "instance_id": "4383924763890665094",
                            "label_fingerprint": "42WmSpB8rSM=",
                            "labels.%": "0",
                            "machine_type": "f1-micro",
                            "metadata.%": "6",
                            "metadata.bucket": "maddie-daddy",
                            "metadata.ddns-url": "http://freedns.afraid.org/dynamic/update.php?M3JlbzFMQVNzdVN5UUdmR0pkdHo6MTgwMDcwNzI=",
                            "metadata.dns-name": "king.thomastech.net",
                            "metadata.ssh-keys": "kwroble_gmail_com:ssh-rsa AAAAB3NzaC1yc2EAAAABJQAAAQEAlDOpNQPDPxAVyLk2mJSgfHr/DYJ0njAx4NWVPbo4LSunC7LU7kRwJrR2pXYETfZ2NBwzV8bUI0A8tH4rakOMetePyXf9Dift7ZHcqeQBpshW/1HddHX2+QftyUP5envQC/u6Twgrsh9MgLXFwC4iPE7o8SsFXHxveFZiGY9hnAEwmudu+z9e5i+dZgLnKGCJBXkiW31/fXIEC4WMYsNDXjXcJXZjKFSPPhq1hQr6waj2HiR7PTPPsU7ji3NggnZoIQipcbz28eGcJvzL9+jpigoQryswNZmybuTvIhNVrPII621AKX40rvFLryYknITElW5UrN/cWBbVE3SlkmzbIw== kwroble_gmail_com",
                            "metadata.startup-script-url": "gs://petri-unifi/startup.sh",
                            "metadata.timezone": "America/Detroit",
                            "metadata_fingerprint": "ZJhkxkSwkis=",
                            "min_cpu_platform": "",
                            "name": "unifi-controller",
                            "network_interface.#": "1",
                            "network_interface.0.access_config.#": "1",
                            "network_interface.0.access_config.0.nat_ip": "35.229.125.188",
                            "network_interface.0.access_config.0.network_tier": "PREMIUM",
                            "network_interface.0.access_config.0.public_ptr_domain_name": "",
                            "network_interface.0.alias_ip_range.#": "0",
                            "network_interface.0.ipv6_access_config.#": "0",
                            "network_interface.0.ipv6_access_type": "",
                            "network_interface.0.name": "nic0",
                            "network_interface.0.network": "https://www.googleapis.com/compute/v1/projects/secure-potion-227516/global/networks/default",
                            "network_interface.0.network_ip": "10.142.0.2",
                            "network_interface.0.nic_type": "",
                            "network_interface.0.stack_type": "",
                            "network_interface.0.subnetwork": "https://www.googleapis.com/compute/v1/projects/secure-potion-227516/regions/us-east1/subnetworks/default",
                            "network_interface.0.subnetwork_project": "secure-potion-227516",
                            "project": "secure-potion-227516",
                            "reservation_affinity.#": "1",
                            "reservation_affinity.0.specific_reservation.#": "0",
                            "reservation_affinity.0.type": "ANY_RESERVATION",
                            "resource_policies.#": "0",
                            "scheduling.#": "1",
                            "scheduling.0.automatic_restart": "true",
                            "scheduling.0.min_node_cpus": "0",
                            "scheduling.0.node_affinities.#": "0",
                            "scheduling.0.on_host_maintenance": "MIGRATE",
                            "scheduling.0.preemptible": "false",
                            "scratch_disk.#": "0",
                            "self_link": "https://www.googleapis.com/compute/v1/projects/secure-potion-227516/zones/us-east1-b/instances/unifi-controller",
                            "service_account.#": "1",
                            "service_account.0.email": "204405319640-compute@developer.gserviceaccount.com",
                            "service_account.0.scopes.#": "6",
                            "service_account.0.scopes.0": "https://www.googleapis.com/auth/devstorage.read_write",
                            "service_account.0.scopes.1": "https://www.googleapis.com/auth/logging.write",
                            "service_account.0.scopes.2": "https://www.googleapis.com/auth/monitoring.write",
                            "service_account.0.scopes.3": "https://www.googleapis.com/auth/service.management.readonly",
                            "service_account.0.scopes.4": "https://www.googleapis.com/auth/servicecontrol",
                            "service_account.0.scopes.5": "https://www.googleapis.com/auth/trace.append",
                            "shielded_instance_config.#": "0",
                            "tags.#": "1",
                            "tags.0": "unifi",
                            "tags_fingerprint": "trcZSsboq4E=",
                            "zone": "us-east1-b"
                        },
                        "meta": {
                            "schema_version": 6
                        },
                        "tainted": false
                    },
                    "deposed": [],
                    "provider": "provider.google"
                },
                "google_compute_network.tfer--default": {
                    "type": "google_compute_network",
                    "depends_on": [],
                    "primary": {
                        "id": "default",
                        "attributes": {
                            "auto_create_subnetworks": "true",
                            "delete_default_routes_on_create": "false",
                            "description": "Default network for the project",
                            "gateway_ipv4": "",
                            "id": "default",
                            "mtu": "0",
                            "name": "default",
                            "project": "secure-potion-227516",
                            "routing_mode": "REGIONAL",
                            "self_link": "https://www.googleapis.com/compute/v1/projects/secure-potion-227516/global/networks/default"
                        },
                        "meta": {
                            "schema_version": 0
                        },
                        "tainted": false
                    },
                    "deposed": [],
                    "provider": "provider.google"
                },
                "google_compute_route.tfer--default-route-080534253aebe143": {
                    "type": "google_compute_route",
                    "depends_on": [],
                    "primary": {
                        "id": "default-route-080534253aebe143",
                        "attributes": {
                            "description": "Default local route to the subnetwork 10.192.0.0/20.",
                            "dest_range": "10.192.0.0/20",
                            "id": "default-route-080534253aebe143",
                            "name": "default-route-080534253aebe143",
                            "network": "https://www.googleapis.com/compute/v1/projects/secure-potion-227516/global/networks/default",
                            "next_hop_gateway": "",
                            "next_hop_ilb": "",
                            "next_hop_instance": "",
                            "next_hop_ip": "",
                            "next_hop_network": "https://www.googleapis.com/compute/v1/projects/secure-potion-227516/global/networks/default",
                            "next_hop_vpn_tunnel": "",
                            "priority": "0",
                            "project": "secure-potion-227516",
                            "self_link": "https://www.googleapis.com/compute/v1/projects/secure-potion-227516/global/routes/default-route-080534253aebe143",
                            "tags.#": "0"
                        },
                        "meta": {
                            "schema_version": 0
                        },
                        "tainted": false
                    },
                    "deposed": [],
                    "provider": "provider.google"
                },
                "google_compute_route.tfer--default-route-08fb8bf1634da063": {
                    "type": "google_compute_route",
                    "depends_on": [],
                    "primary": {
                        "id": "default-route-08fb8bf1634da063",
                        "attributes": {
                            "description": "Default local route to the subnetwork 10.150.0.0/20.",
                            "dest_range": "10.150.0.0/20",
                            "id": "default-route-08fb8bf1634da063",
                            "name": "default-route-08fb8bf1634da063",
                            "network": "https://www.googleapis.com/compute/v1/projects/secure-potion-227516/global/networks/default",
                            "next_hop_gateway": "",
                            "next_hop_ilb": "",
                            "next_hop_instance": "",
                            "next_hop_ip": "",
                            "next_hop_network": "https://www.googleapis.com/compute/v1/projects/secure-potion-227516/global/networks/default",
                            "next_hop_vpn_tunnel": "",
                            "priority": "0",
                            "project": "secure-potion-227516",
                            "self_link": "https://www.googleapis.com/compute/v1/projects/secure-potion-227516/global/routes/default-route-08fb8bf1634da063",
                            "tags.#": "0"
                        },
                        "meta": {
                            "schema_version": 0
                        },
                        "tainted": false
                    },
                    "deposed": [],
                    "provider": "provider.google"
                },
                "google_compute_route.tfer--default-route-0cc149da52ee7418": {
                    "type": "google_compute_route",
                    "depends_on": [],
                    "primary": {
                        "id": "default-route-0cc149da52ee7418",
                        "attributes": {
                            "description": "Default local route to the subnetwork 10.174.0.0/20.",
                            "dest_range": "10.174.0.0/20",
                            "id": "default-route-0cc149da52ee7418",
                            "name": "default-route-0cc149da52ee7418",
                            "network": "https://www.googleapis.com/compute/v1/projects/secure-potion-227516/global/networks/default",
                            "next_hop_gateway": "",
                            "next_hop_ilb": "",
                            "next_hop_instance": "",
                            "next_hop_ip": "",
                            "next_hop_network": "https://www.googleapis.com/compute/v1/projects/secure-potion-227516/global/networks/default",
                            "next_hop_vpn_tunnel": "",
                            "priority": "0",
                            "project": "secure-potion-227516",
                            "self_link": "https://www.googleapis.com/compute/v1/projects/secure-potion-227516/global/routes/default-route-0cc149da52ee7418",
                            "tags.#": "0"
                        },
                        "meta": {
                            "schema_version": 0
                        },
                        "tainted": false
                    },
                    "deposed": [],
                    "provider": "provider.google"
                },
                "google_compute_route.tfer--default-route-1eac9ffcb29b635e": {
                    "type": "google_compute_route",
                    "depends_on": [],
                    "primary": {
                        "id": "default-route-1eac9ffcb29b635e",
                        "attributes": {
                            "description": "Default local route to the subnetwork 10.186.0.0/20.",
                            "dest_range": "10.186.0.0/20",
                            "id": "default-route-1eac9ffcb29b635e",
                            "name": "default-route-1eac9ffcb29b635e",
                            "network": "https://www.googleapis.com/compute/v1/projects/secure-potion-227516/global/networks/default",
                            "next_hop_gateway": "",
                            "next_hop_ilb": "",
                            "next_hop_instance": "",
                            "next_hop_ip": "",
                            "next_hop_network": "https://www.googleapis.com/compute/v1/projects/secure-potion-227516/global/networks/default",
                            "next_hop_vpn_tunnel": "",
                            "priority": "0",
                            "project": "secure-potion-227516",
                            "self_link": "https://www.googleapis.com/compute/v1/projects/secure-potion-227516/global/routes/default-route-1eac9ffcb29b635e",
                            "tags.#": "0"
                        },
                        "meta": {
                            "schema_version": 0
                        },
                        "tainted": false
                    },
                    "deposed": [],
                    "provider": "provider.google"
                },
                "google_compute_route.tfer--default-route-234b36392f387727": {
                    "type": "google_compute_route",
                    "depends_on": [],
                    "primary": {
                        "id": "default-route-234b36392f387727",
                        "attributes": {
                            "description": "Default local route to the subnetwork 10.180.0.0/20.",
                            "dest_range": "10.180.0.0/20",
                            "id": "default-route-234b36392f387727",
                            "name": "default-route-234b36392f387727",
                            "network": "https://www.googleapis.com/compute/v1/projects/secure-potion-227516/global/networks/default",
                            "next_hop_gateway": "",
                            "next_hop_ilb": "",
                            "next_hop_instance": "",
                            "next_hop_ip": "",
                            "next_hop_network": "https://www.googleapis.com/compute/v1/projects/secure-potion-227516/global/networks/default",
                            "next_hop_vpn_tunnel": "",
                            "priority": "0",
                            "project": "secure-potion-227516",
                            "self_link": "https://www.googleapis.com/compute/v1/projects/secure-potion-227516/global/routes/default-route-234b36392f387727",
                            "tags.#": "0"
                        },
                        "meta": {
                            "schema_version": 0
                        },
                        "tainted": false
                    },
                    "deposed": [],
                    "provider": "provider.google"
                },
                "google_compute_route.tfer--default-route-35333fbebd4a6172": {
                    "type": "google_compute_route",
                    "depends_on": [],
                    "primary": {
                        "id": "default-route-35333fbebd4a6172",
                        "attributes": {
                            "description": "Default local route to the subnetwork 10.156.0.0/20.",
                            "dest_range": "10.156.0.0/20",
                            "id": "default-route-35333fbebd4a6172",
                            "name": "default-route-35333fbebd4a6172",
                            "network": "https://www.googleapis.com/compute/v1/projects/secure-potion-227516/global/networks/default",
                            "next_hop_gateway": "",
                            "next_hop_ilb": "",
                            "next_hop_instance": "",
                            "next_hop_ip": "",
                            "next_hop_network": "https://www.googleapis.com/compute/v1/projects/secure-potion-227516/global/networks/default",
                            "next_hop_vpn_tunnel": "",
                            "priority": "0",
                            "project": "secure-potion-227516",
                            "self_link": "https://www.googleapis.com/compute/v1/projects/secure-potion-227516/global/routes/default-route-35333fbebd4a6172",
                            "tags.#": "0"
                        },
                        "meta": {
                            "schema_version": 0
                        },
                        "tainted": false
                    },
                    "deposed": [],
                    "provider": "provider.google"
                },
                "google_compute_route.tfer--default-route-3671883629f04cf2": {
                    "type": "google_compute_route",
                    "depends_on": [],
                    "primary": {
                        "id": "default-route-3671883629f04cf2",
                        "attributes": {
                            "description": "Default local route to the subnetwork 10.178.0.0/20.",
                            "dest_range": "10.178.0.0/20",
                            "id": "default-route-3671883629f04cf2",
                            "name": "default-route-3671883629f04cf2",
                            "network": "https://www.googleapis.com/compute/v1/projects/secure-potion-227516/global/networks/default",
                            "next_hop_gateway": "",
                            "next_hop_ilb": "",
                            "next_hop_instance": "",
                            "next_hop_ip": "",
                            "next_hop_network": "https://www.googleapis.com/compute/v1/projects/secure-potion-227516/global/networks/default",
                            "next_hop_vpn_tunnel": "",
                            "priority": "0",
                            "project": "secure-potion-227516",
                            "self_link": "https://www.googleapis.com/compute/v1/projects/secure-potion-227516/global/routes/default-route-3671883629f04cf2",
                            "tags.#": "0"
                        },
                        "meta": {
                            "schema_version": 0
                        },
                        "tainted": false
                    },
                    "deposed": [],
                    "provider": "provider.google"
                },
                "google_compute_route.tfer--default-route-49e0f7a5e0840229": {
                    "type": "google_compute_route",
                    "depends_on": [],
                    "primary": {
                        "id": "default-route-49e0f7a5e0840229",
                        "attributes": {
                            "description": "Default local route to the subnetwork 10.194.0.0/20.",
                            "dest_range": "10.194.0.0/20",
                            "id": "default-route-49e0f7a5e0840229",
                            "name": "default-route-49e0f7a5e0840229",
                            "network": "https://www.googleapis.com/compute/v1/projects/secure-potion-227516/global/networks/default",
                            "next_hop_gateway": "",
                            "next_hop_ilb": "",
                            "next_hop_instance": "",
                            "next_hop_ip": "",
                            "next_hop_network": "https://www.googleapis.com/compute/v1/projects/secure-potion-227516/global/networks/default",
                            "next_hop_vpn_tunnel": "",
                            "priority": "0",
                            "project": "secure-potion-227516",
                            "self_link": "https://www.googleapis.com/compute/v1/projects/secure-potion-227516/global/routes/default-route-49e0f7a5e0840229",
                            "tags.#": "0"
                        },
                        "meta": {
                            "schema_version": 0
                        },
                        "tainted": false
                    },
                    "deposed": [],
                    "provider": "provider.google"
                },
                "google_compute_route.tfer--default-route-52dcb720163ed604": {
                    "type": "google_compute_route",
                    "depends_on": [],
                    "primary": {
                        "id": "default-route-52dcb720163ed604",
                        "attributes": {
                            "description": "Default local route to the subnetwork 10.184.0.0/20.",
                            "dest_range": "10.184.0.0/20",
                            "id": "default-route-52dcb720163ed604",
                            "name": "default-route-52dcb720163ed604",
                            "network": "https://www.googleapis.com/compute/v1/projects/secure-potion-227516/global/networks/default",
                            "next_hop_gateway": "",
                            "next_hop_ilb": "",
                            "next_hop_instance": "",
                            "next_hop_ip": "",
                            "next_hop_network": "https://www.googleapis.com/compute/v1/projects/secure-potion-227516/global/networks/default",
                            "next_hop_vpn_tunnel": "",
                            "priority": "0",
                            "project": "secure-potion-227516",
                            "self_link": "https://www.googleapis.com/compute/v1/projects/secure-potion-227516/global/routes/default-route-52dcb720163ed604",
                            "tags.#": "0"
                        },
                        "meta": {
                            "schema_version": 0
                        },
                        "tainted": false
                    },
                    "deposed": [],
                    "provider": "provider.google"
                },
                "google_compute_route.tfer--default-route-5ec1855776e79ec5": {
                    "type": "google_compute_route",
                    "depends_on": [],
                    "primary": {
                        "id": "default-route-5ec1855776e79ec5",
                        "attributes": {
                            "description": "Default local route to the subnetwork 10.148.0.0/20.",
                            "dest_range": "10.148.0.0/20",
                            "id": "default-route-5ec1855776e79ec5",
                            "name": "default-route-5ec1855776e79ec5",
                            "network": "https://www.googleapis.com/compute/v1/projects/secure-potion-227516/global/networks/default",
                            "next_hop_gateway": "",
                            "next_hop_ilb": "",
                            "next_hop_instance": "",
                            "next_hop_ip": "",
                            "next_hop_network": "https://www.googleapis.com/compute/v1/projects/secure-potion-227516/global/networks/default",
                            "next_hop_vpn_tunnel": "",
                            "priority": "0",
                            "project": "secure-potion-227516",
                            "self_link": "https://www.googleapis.com/compute/v1/projects/secure-potion-227516/global/routes/default-route-5ec1855776e79ec5",
                            "tags.#": "0"
                        },
                        "meta": {
                            "schema_version": 0
                        },
                        "tainted": false
                    },
                    "deposed": [],
                    "provider": "provider.google"
                },
                "google_compute_route.tfer--default-route-6966320a7664f95e": {
                    "type": "google_compute_route",
                    "depends_on": [],
                    "primary": {
                        "id": "default-route-6966320a7664f95e",
                        "attributes": {
                            "description": "Default local route to the subnetwork 10.196.0.0/20.",
                            "dest_range": "10.196.0.0/20",
                            "id": "default-route-6966320a7664f95e",
                            "name": "default-route-6966320a7664f95e",
                            "network": "https://www.googleapis.com/compute/v1/projects/secure-potion-227516/global/networks/default",
                            "next_hop_gateway": "",
                            "next_hop_ilb": "",
                            "next_hop_instance": "",
                            "next_hop_ip": "",
                            "next_hop_network": "https://www.googleapis.com/compute/v1/projects/secure-potion-227516/global/networks/default",
                            "next_hop_vpn_tunnel": "",
                            "priority": "0",
                            "project": "secure-potion-227516",
                            "self_link": "https://www.googleapis.com/compute/v1/projects/secure-potion-227516/global/routes/default-route-6966320a7664f95e",
                            "tags.#": "0"
                        },
                        "meta": {
                            "schema_version": 0
                        },
                        "tainted": false
                    },
                    "deposed": [],
                    "provider": "provider.google"
                },
                "google_compute_route.tfer--default-route-6f67f0fca0b9bca7": {
                    "type": "google_compute_route",
                    "depends_on": [],
                    "primary": {
                        "id": "default-route-6f67f0fca0b9bca7",
                        "attributes": {
                            "description": "Default local route to the subnetwork 10.146.0.0/20.",
                            "dest_range": "10.146.0.0/20",
                            "id": "default-route-6f67f0fca0b9bca7",
                            "name": "default-route-6f67f0fca0b9bca7",
                            "network": "https://www.googleapis.com/compute/v1/projects/secure-potion-227516/global/networks/default",
                            "next_hop_gateway": "",
                            "next_hop_ilb": "",
                            "next_hop_instance": "",
                            "next_hop_ip": "",
                            "next_hop_network": "https://www.googleapis.com/compute/v1/projects/secure-potion-227516/global/networks/default",
                            "next_hop_vpn_tunnel": "",
                            "priority": "0",
                            "project": "secure-potion-227516",
                            "self_link": "https://www.googleapis.com/compute/v1/projects/secure-potion-227516/global/routes/default-route-6f67f0fca0b9bca7",
                            "tags.#": "0"
                        },
                        "meta": {
                            "schema_version": 0
                        },
                        "tainted": false
                    },
                    "deposed": [],
                    "provider": "provider.google"
                },
                "google_compute_route.tfer--default-route-706cae88d9eb0524": {
                    "type": "google_compute_route",
                    "depends_on": [],
                    "primary": {
                        "id": "default-route-706cae88d9eb0524",
                        "attributes": {
                            "description": "Default local route to the subnetwork 10.140.0.0/20.",
                            "dest_range": "10.140.0.0/20",
                            "id": "default-route-706cae88d9eb0524",
                            "name": "default-route-706cae88d9eb0524",
                            "network": "https://www.googleapis.com/compute/v1/projects/secure-potion-227516/global/networks/default",
                            "next_hop_gateway": "",
                            "next_hop_ilb": "",
                            "next_hop_instance": "",
                            "next_hop_ip": "",
                            "next_hop_network": "https://www.googleapis.com/compute/v1/projects/secure-potion-227516/global/networks/default",
                            "next_hop_vpn_tunnel": "",
                            "priority": "0",
                            "project": "secure-potion-227516",
                            "self_link": "https://www.googleapis.com/compute/v1/projects/secure-potion-227516/global/routes/default-route-706cae88d9eb0524",
                            "tags.#": "0"
                        },
                        "meta": {
                            "schema_version": 0
                        },
                        "tainted": false
                    },
                    "deposed": [],
                    "provider": "provider.google"
                },
                "google_compute_route.tfer--default-route-75f7f500f7c1e845": {
                    "type": "google_compute_route",
                    "depends_on": [],
                    "primary": {
                        "id": "default-route-75f7f500f7c1e845",
                        "attributes": {
                            "description": "Default local route to the subnetwork 10.172.0.0/20.",
                            "dest_range": "10.172.0.0/20",
                            "id": "default-route-75f7f500f7c1e845",
                            "name": "default-route-75f7f500f7c1e845",
                            "network": "https://www.googleapis.com/compute/v1/projects/secure-potion-227516/global/networks/default",
                            "next_hop_gateway": "",
                            "next_hop_ilb": "",
                            "next_hop_instance": "",
                            "next_hop_ip": "",
                            "next_hop_network": "https://www.googleapis.com/compute/v1/projects/secure-potion-227516/global/networks/default",
                            "next_hop_vpn_tunnel": "",
                            "priority": "0",
                            "project": "secure-potion-227516",
                            "self_link": "https://www.googleapis.com/compute/v1/projects/secure-potion-227516/global/routes/default-route-75f7f500f7c1e845",
                            "tags.#": "0"
                        },
                        "meta": {
                            "schema_version": 0
                        },
                        "tainted": false
                    },
                    "deposed": [],
                    "provider": "provider.google"
                },
                "google_compute_route.tfer--default-route-7a3f0d3b45b1713f": {
                    "type": "google_compute_route",
                    "depends_on": [],
                    "primary": {
                        "id": "default-route-7a3f0d3b45b1713f",
                        "attributes": {
                            "description": "Default local route to the subnetwork 10.162.0.0/20.",
                            "dest_range": "10.162.0.0/20",
                            "id": "default-route-7a3f0d3b45b1713f",
                            "name": "default-route-7a3f0d3b45b1713f",
                            "network": "https://www.googleapis.com/compute/v1/projects/secure-potion-227516/global/networks/default",
                            "next_hop_gateway": "",
                            "next_hop_ilb": "",
                            "next_hop_instance": "",
                            "next_hop_ip": "",
                            "next_hop_network": "https://www.googleapis.com/compute/v1/projects/secure-potion-227516/global/networks/default",
                            "next_hop_vpn_tunnel": "",
                            "priority": "0",
                            "project": "secure-potion-227516",
                            "self_link": "https://www.googleapis.com/compute/v1/projects/secure-potion-227516/global/routes/default-route-7a3f0d3b45b1713f",
                            "tags.#": "0"
                        },
                        "meta": {
                            "schema_version": 0
                        },
                        "tainted": false
                    },
                    "deposed": [],
                    "provider": "provider.google"
                },
                "google_compute_route.tfer--default-route-8307b8df14f3616a": {
                    "type": "google_compute_route",
                    "depends_on": [],
                    "primary": {
                        "id": "default-route-8307b8df14f3616a",
                        "attributes": {
                            "description": "Default local route to the subnetwork 10.132.0.0/20.",
                            "dest_range": "10.132.0.0/20",
                            "id": "default-route-8307b8df14f3616a",
                            "name": "default-route-8307b8df14f3616a",
                            "network": "https://www.googleapis.com/compute/v1/projects/secure-potion-227516/global/networks/default",
                            "next_hop_gateway": "",
                            "next_hop_ilb": "",
                            "next_hop_instance": "",
                            "next_hop_ip": "",
                            "next_hop_network": "https://www.googleapis.com/compute/v1/projects/secure-potion-227516/global/networks/default",
                            "next_hop_vpn_tunnel": "",
                            "priority": "0",
                            "project": "secure-potion-227516",
                            "self_link": "https://www.googleapis.com/compute/v1/projects/secure-potion-227516/global/routes/default-route-8307b8df14f3616a",
                            "tags.#": "0"
                        },
                        "meta": {
                            "schema_version": 0
                        },
                        "tainted": false
                    },
                    "deposed": [],
                    "provider": "provider.google"
                },
                "google_compute_route.tfer--default-route-8cad943dc88ebb54": {
                    "type": "google_compute_route",
                    "depends_on": [],
                    "primary": {
                        "id": "default-route-8cad943dc88ebb54",
                        "attributes": {
                            "description": "Default local route to the subnetwork 10.158.0.0/20.",
                            "dest_range": "10.158.0.0/20",
                            "id": "default-route-8cad943dc88ebb54",
                            "name": "default-route-8cad943dc88ebb54",
                            "network": "https://www.googleapis.com/compute/v1/projects/secure-potion-227516/global/networks/default",
                            "next_hop_gateway": "",
                            "next_hop_ilb": "",
                            "next_hop_instance": "",
                            "next_hop_ip": "",
                            "next_hop_network": "https://www.googleapis.com/compute/v1/projects/secure-potion-227516/global/networks/default",
                            "next_hop_vpn_tunnel": "",
                            "priority": "0",
                            "project": "secure-potion-227516",
                            "self_link": "https://www.googleapis.com/compute/v1/projects/secure-potion-227516/global/routes/default-route-8cad943dc88ebb54",
                            "tags.#": "0"
                        },
                        "meta": {
                            "schema_version": 0
                        },
                        "tainted": false
                    },
                    "deposed": [],
                    "provider": "provider.google"
                },
                "google_compute_route.tfer--default-route-8dcf62e95dc4e482": {
                    "type": "google_compute_route",
                    "depends_on": [],
                    "primary": {
                        "id": "default-route-8dcf62e95dc4e482",
                        "attributes": {
                            "description": "Default local route to the subnetwork 10.166.0.0/20.",
                            "dest_range": "10.166.0.0/20",
                            "id": "default-route-8dcf62e95dc4e482",
                            "name": "default-route-8dcf62e95dc4e482",
                            "network": "https://www.googleapis.com/compute/v1/projects/secure-potion-227516/global/networks/default",
                            "next_hop_gateway": "",
                            "next_hop_ilb": "",
                            "next_hop_instance": "",
                            "next_hop_ip": "",
                            "next_hop_network": "https://www.googleapis.com/compute/v1/projects/secure-potion-227516/global/networks/default",
                            "next_hop_vpn_tunnel": "",
                            "priority": "0",
                            "project": "secure-potion-227516",
                            "self_link": "https://www.googleapis.com/compute/v1/projects/secure-potion-227516/global/routes/default-route-8dcf62e95dc4e482",
                            "tags.#": "0"
                        },
                        "meta": {
                            "schema_version": 0
                        },
                        "tainted": false
                    },
                    "deposed": [],
                    "provider": "provider.google"
                },
                "google_compute_route.tfer--default-route-917185dde4ed9c74": {
                    "type": "google_compute_route",
                    "depends_on": [],
                    "primary": {
                        "id": "default-route-917185dde4ed9c74",
                        "attributes": {
                            "description": "Default local route to the subnetwork 10.154.0.0/20.",
                            "dest_range": "10.154.0.0/20",
                            "id": "default-route-917185dde4ed9c74",
                            "name": "default-route-917185dde4ed9c74",
                            "network": "https://www.googleapis.com/compute/v1/projects/secure-potion-227516/global/networks/default",
                            "next_hop_gateway": "",
                            "next_hop_ilb": "",
                            "next_hop_instance": "",
                            "next_hop_ip": "",
                            "next_hop_network": "https://www.googleapis.com/compute/v1/projects/secure-potion-227516/global/networks/default",
                            "next_hop_vpn_tunnel": "",
                            "priority": "0",
                            "project": "secure-potion-227516",
                            "self_link": "https://www.googleapis.com/compute/v1/projects/secure-potion-227516/global/routes/default-route-917185dde4ed9c74",
                            "tags.#": "0"
                        },
                        "meta": {
                            "schema_version": 0
                        },
                        "tainted": false
                    },
                    "deposed": [],
                    "provider": "provider.google"
                },
                "google_compute_route.tfer--default-route-9d1f55e21b960275": {
                    "type": "google_compute_route",
                    "depends_on": [],
                    "primary": {
                        "id": "default-route-9d1f55e21b960275",
                        "attributes": {
                            "description": "Default local route to the subnetwork 10.188.0.0/20.",
                            "dest_range": "10.188.0.0/20",
                            "id": "default-route-9d1f55e21b960275",
                            "name": "default-route-9d1f55e21b960275",
                            "network": "https://www.googleapis.com/compute/v1/projects/secure-potion-227516/global/networks/default",
                            "next_hop_gateway": "",
                            "next_hop_ilb": "",
                            "next_hop_instance": "",
                            "next_hop_ip": "",
                            "next_hop_network": "https://www.googleapis.com/compute/v1/projects/secure-potion-227516/global/networks/default",
                            "next_hop_vpn_tunnel": "",
                            "priority": "0",
                            "project": "secure-potion-227516",
                            "self_link": "https://www.googleapis.com/compute/v1/projects/secure-potion-227516/global/routes/default-route-9d1f55e21b960275",
                            "tags.#": "0"
                        },
                        "meta": {
                            "schema_version": 0
                        },
                        "tainted": false
                    },
                    "deposed": [],
                    "provider": "provider.google"
                },
                "google_compute_route.tfer--default-route-ae0a5c442d872c9d": {
                    "type": "google_compute_route",
                    "depends_on": [],
                    "primary": {
                        "id": "default-route-ae0a5c442d872c9d",
                        "attributes": {
                            "description": "Default local route to the subnetwork 10.168.0.0/20.",
                            "dest_range": "10.168.0.0/20",
                            "id": "default-route-ae0a5c442d872c9d",
                            "name": "default-route-ae0a5c442d872c9d",
                            "network": "https://www.googleapis.com/compute/v1/projects/secure-potion-227516/global/networks/default",
                            "next_hop_gateway": "",
                            "next_hop_ilb": "",
                            "next_hop_instance": "",
                            "next_hop_ip": "",
                            "next_hop_network": "https://www.googleapis.com/compute/v1/projects/secure-potion-227516/global/networks/default",
                            "next_hop_vpn_tunnel": "",
                            "priority": "0",
                            "project": "secure-potion-227516",
                            "self_link": "https://www.googleapis.com/compute/v1/projects/secure-potion-227516/global/routes/default-route-ae0a5c442d872c9d",
                            "tags.#": "0"
                        },
                        "meta": {
                            "schema_version": 0
                        },
                        "tainted": false
                    },
                    "deposed": [],
                    "provider": "provider.google"
                },
                "google_compute_route.tfer--default-route-bbd10e67ce3f1df3": {
                    "type": "google_compute_route",
                    "depends_on": [],
                    "primary": {
                        "id": "default-route-bbd10e67ce3f1df3",
                        "attributes": {
                            "description": "Default local route to the subnetwork 10.138.0.0/20.",
                            "dest_range": "10.138.0.0/20",
                            "id": "default-route-bbd10e67ce3f1df3",
                            "name": "default-route-bbd10e67ce3f1df3",
                            "network": "https://www.googleapis.com/compute/v1/projects/secure-potion-227516/global/networks/default",
                            "next_hop_gateway": "",
                            "next_hop_ilb": "",
                            "next_hop_instance": "",
                            "next_hop_ip": "",
                            "next_hop_network": "https://www.googleapis.com/compute/v1/projects/secure-potion-227516/global/networks/default",
                            "next_hop_vpn_tunnel": "",
                            "priority": "0",
                            "project": "secure-potion-227516",
                            "self_link": "https://www.googleapis.com/compute/v1/projects/secure-potion-227516/global/routes/default-route-bbd10e67ce3f1df3",
                            "tags.#": "0"
                        },
                        "meta": {
                            "schema_version": 0
                        },
                        "tainted": false
                    },
                    "deposed": [],
                    "provider": "provider.google"
                },
                "google_compute_route.tfer--default-route-bcc5b4396e5e8bfc": {
                    "type": "google_compute_route",
                    "depends_on": [],
                    "primary": {
                        "id": "default-route-bcc5b4396e5e8bfc",
                        "attributes": {
                            "description": "Default local route to the subnetwork 10.190.0.0/20.",
                            "dest_range": "10.190.0.0/20",
                            "id": "default-route-bcc5b4396e5e8bfc",
                            "name": "default-route-bcc5b4396e5e8bfc",
                            "network": "https://www.googleapis.com/compute/v1/projects/secure-potion-227516/global/networks/default",
                            "next_hop_gateway": "",
                            "next_hop_ilb": "",
                            "next_hop_instance": "",
                            "next_hop_ip": "",
                            "next_hop_network": "https://www.googleapis.com/compute/v1/projects/secure-potion-227516/global/networks/default",
                            "next_hop_vpn_tunnel": "",
                            "priority": "0",
                            "project": "secure-potion-227516",
                            "self_link": "https://www.googleapis.com/compute/v1/projects/secure-potion-227516/global/routes/default-route-bcc5b4396e5e8bfc",
                            "tags.#": "0"
                        },
                        "meta": {
                            "schema_version": 0
                        },
                        "tainted": false
                    },
                    "deposed": [],
                    "provider": "provider.google"
                },
                "google_compute_route.tfer--default-route-c3e35b160e316654": {
                    "type": "google_compute_route",
                    "depends_on": [],
                    "primary": {
                        "id": "default-route-c3e35b160e316654",
                        "attributes": {
                            "description": "Default local route to the subnetwork 10.128.0.0/20.",
                            "dest_range": "10.128.0.0/20",
                            "id": "default-route-c3e35b160e316654",
                            "name": "default-route-c3e35b160e316654",
                            "network": "https://www.googleapis.com/compute/v1/projects/secure-potion-227516/global/networks/default",
                            "next_hop_gateway": "",
                            "next_hop_ilb": "",
                            "next_hop_instance": "",
                            "next_hop_ip": "",
                            "next_hop_network": "https://www.googleapis.com/compute/v1/projects/secure-potion-227516/global/networks/default",
                            "next_hop_vpn_tunnel": "",
                            "priority": "0",
                            "project": "secure-potion-227516",
                            "self_link": "https://www.googleapis.com/compute/v1/projects/secure-potion-227516/global/routes/default-route-c3e35b160e316654",
                            "tags.#": "0"
                        },
                        "meta": {
                            "schema_version": 0
                        },
                        "tainted": false
                    },
                    "deposed": [],
                    "provider": "provider.google"
                },
                "google_compute_route.tfer--default-route-c56721e13ba605fb": {
                    "type": "google_compute_route",
                    "depends_on": [],
                    "primary": {
                        "id": "default-route-c56721e13ba605fb",
                        "attributes": {
                            "description": "Default local route to the subnetwork 10.152.0.0/20.",
                            "dest_range": "10.152.0.0/20",
                            "id": "default-route-c56721e13ba605fb",
                            "name": "default-route-c56721e13ba605fb",
                            "network": "https://www.googleapis.com/compute/v1/projects/secure-potion-227516/global/networks/default",
                            "next_hop_gateway": "",
                            "next_hop_ilb": "",
                            "next_hop_instance": "",
                            "next_hop_ip": "",
                            "next_hop_network": "https://www.googleapis.com/compute/v1/projects/secure-potion-227516/global/networks/default",
                            "next_hop_vpn_tunnel": "",
                            "priority": "0",
                            "project": "secure-potion-227516",
                            "self_link": "https://www.googleapis.com/compute/v1/projects/secure-potion-227516/global/routes/default-route-c56721e13ba605fb",
                            "tags.#": "0"
                        },
                        "meta": {
                            "schema_version": 0
                        },
                        "tainted": false
                    },
                    "deposed": [],
                    "provider": "provider.google"
                },
                "google_compute_route.tfer--default-route-c8f44ebf1b6e0ff5": {
                    "type": "google_compute_route",
                    "depends_on": [],
                    "primary": {
                        "id": "default-route-c8f44ebf1b6e0ff5",
                        "attributes": {
                            "description": "Default local route to the subnetwork 10.164.0.0/20.",
                            "dest_range": "10.164.0.0/20",
                            "id": "default-route-c8f44ebf1b6e0ff5",
                            "name": "default-route-c8f44ebf1b6e0ff5",
                            "network": "https://www.googleapis.com/compute/v1/projects/secure-potion-227516/global/networks/default",
                            "next_hop_gateway": "",
                            "next_hop_ilb": "",
                            "next_hop_instance": "",
                            "next_hop_ip": "",
                            "next_hop_network": "https://www.googleapis.com/compute/v1/projects/secure-potion-227516/global/networks/default",
                            "next_hop_vpn_tunnel": "",
                            "priority": "0",
                            "project": "secure-potion-227516",
                            "self_link": "https://www.googleapis.com/compute/v1/projects/secure-potion-227516/global/routes/default-route-c8f44ebf1b6e0ff5",
                            "tags.#": "0"
                        },
                        "meta": {
                            "schema_version": 0
                        },
                        "tainted": false
                    },
                    "deposed": [],
                    "provider": "provider.google"
                },
                "google_compute_route.tfer--default-route-cd04f51017fdfaad": {
                    "type": "google_compute_route",
                    "depends_on": [],
                    "primary": {
                        "id": "default-route-cd04f51017fdfaad",
                        "attributes": {
                            "description": "Default local route to the subnetwork 10.170.0.0/20.",
                            "dest_range": "10.170.0.0/20",
                            "id": "default-route-cd04f51017fdfaad",
                            "name": "default-route-cd04f51017fdfaad",
                            "network": "https://www.googleapis.com/compute/v1/projects/secure-potion-227516/global/networks/default",
                            "next_hop_gateway": "",
                            "next_hop_ilb": "",
                            "next_hop_instance": "",
                            "next_hop_ip": "",
                            "next_hop_network": "https://www.googleapis.com/compute/v1/projects/secure-potion-227516/global/networks/default",
                            "next_hop_vpn_tunnel": "",
                            "priority": "0",
                            "project": "secure-potion-227516",
                            "self_link": "https://www.googleapis.com/compute/v1/projects/secure-potion-227516/global/routes/default-route-cd04f51017fdfaad",
                            "tags.#": "0"
                        },
                        "meta": {
                            "schema_version": 0
                        },
                        "tainted": false
                    },
                    "deposed": [],
                    "provider": "provider.google"
                },
                "google_compute_route.tfer--default-route-d243bf68c9f8d136": {
                    "type": "google_compute_route",
                    "depends_on": [],
                    "primary": {
                        "id": "default-route-d243bf68c9f8d136",
                        "attributes": {
                            "description": "Default local route to the subnetwork 10.160.0.0/20.",
                            "dest_range": "10.160.0.0/20",
                            "id": "default-route-d243bf68c9f8d136",
                            "name": "default-route-d243bf68c9f8d136",
                            "network": "https://www.googleapis.com/compute/v1/projects/secure-potion-227516/global/networks/default",
                            "next_hop_gateway": "",
                            "next_hop_ilb": "",
                            "next_hop_instance": "",
                            "next_hop_ip": "",
                            "next_hop_network": "https://www.googleapis.com/compute/v1/projects/secure-potion-227516/global/networks/default",
                            "next_hop_vpn_tunnel": "",
                            "priority": "0",
                            "project": "secure-potion-227516",
                            "self_link": "https://www.googleapis.com/compute/v1/projects/secure-potion-227516/global/routes/default-route-d243bf68c9f8d136",
                            "tags.#": "0"
                        },
                        "meta": {
                            "schema_version": 0
                        },
                        "tainted": false
                    },
                    "deposed": [],
                    "provider": "provider.google"
                },
                "google_compute_route.tfer--default-route-e723af00749ddd26": {
                    "type": "google_compute_route",
                    "depends_on": [],
                    "primary": {
                        "id": "default-route-e723af00749ddd26",
                        "attributes": {
                            "description": "Default local route to the subnetwork 10.182.0.0/20.",
                            "dest_range": "10.182.0.0/20",
                            "id": "default-route-e723af00749ddd26",
                            "name": "default-route-e723af00749ddd26",
                            "network": "https://www.googleapis.com/compute/v1/projects/secure-potion-227516/global/networks/default",
                            "next_hop_gateway": "",
                            "next_hop_ilb": "",
                            "next_hop_instance": "",
                            "next_hop_ip": "",
                            "next_hop_network": "https://www.googleapis.com/compute/v1/projects/secure-potion-227516/global/networks/default",
                            "next_hop_vpn_tunnel": "",
                            "priority": "0",
                            "project": "secure-potion-227516",
                            "self_link": "https://www.googleapis.com/compute/v1/projects/secure-potion-227516/global/routes/default-route-e723af00749ddd26",
                            "tags.#": "0"
                        },
                        "meta": {
                            "schema_version": 0
                        },
                        "tainted": false
                    },
                    "deposed": [],
                    "provider": "provider.google"
                },
                "google_compute_route.tfer--default-route-f86482ad43250db2": {
                    "type": "google_compute_route",
                    "depends_on": [],
                    "primary": {
                        "id": "default-route-f86482ad43250db2",
                        "attributes": {
                            "description": "Default local route to the subnetwork 10.142.0.0/20.",
                            "dest_range": "10.142.0.0/20",
                            "id": "default-route-f86482ad43250db2",
                            "name": "default-route-f86482ad43250db2",
                            "network": "https://www.googleapis.com/compute/v1/projects/secure-potion-227516/global/networks/default",
                            "next_hop_gateway": "",
                            "next_hop_ilb": "",
                            "next_hop_instance": "",
                            "next_hop_ip": "",
                            "next_hop_network": "https://www.googleapis.com/compute/v1/projects/secure-potion-227516/global/networks/default",
                            "next_hop_vpn_tunnel": "",
                            "priority": "0",
                            "project": "secure-potion-227516",
                            "self_link": "https://www.googleapis.com/compute/v1/projects/secure-potion-227516/global/routes/default-route-f86482ad43250db2",
                            "tags.#": "0"
                        },
                        "meta": {
                            "schema_version": 0
                        },
                        "tainted": false
                    },
                    "deposed": [],
                    "provider": "provider.google"
                },
                "google_compute_route.tfer--default-route-fd9533959c2ccc94": {
                    "type": "google_compute_route",
                    "depends_on": [],
                    "primary": {
                        "id": "default-route-fd9533959c2ccc94",
                        "attributes": {
                            "description": "Default route to the Internet.",
                            "dest_range": "0.0.0.0/0",
                            "id": "default-route-fd9533959c2ccc94",
                            "name": "default-route-fd9533959c2ccc94",
                            "network": "https://www.googleapis.com/compute/v1/projects/secure-potion-227516/global/networks/default",
                            "next_hop_gateway": "https://www.googleapis.com/compute/v1/projects/secure-potion-227516/global/gateways/default-internet-gateway",
                            "next_hop_ilb": "",
                            "next_hop_instance": "",
                            "next_hop_ip": "",
                            "next_hop_network": "",
                            "next_hop_vpn_tunnel": "",
                            "priority": "1000",
                            "project": "secure-potion-227516",
                            "self_link": "https://www.googleapis.com/compute/v1/projects/secure-potion-227516/global/routes/default-route-fd9533959c2ccc94",
                            "tags.#": "0"
                        },
                        "meta": {
                            "schema_version": 0
                        },
                        "tainted": false
                    },
                    "deposed": [],
                    "provider": "provider.google"
                },
                "google_compute_subnetwork.tfer--default": {
                    "type": "google_compute_subnetwork",
                    "depends_on": [],
                    "primary": {
                        "id": "default",
                        "attributes": {
                            "creation_timestamp": "2020-07-16T08:16:38.164-07:00",
                            "description": "",
                            "external_ipv6_prefix": "",
                            "gateway_address": "10.142.0.1",
                            "id": "default",
                            "ip_cidr_range": "10.142.0.0/20",
                            "ipv6_access_type": "",
                            "ipv6_cidr_range": "",
                            "log_config.#": "0",
                            "name": "default",
                            "network": "https://www.googleapis.com/compute/v1/projects/secure-potion-227516/global/networks/default",
                            "private_ip_google_access": "false",
                            "private_ipv6_google_access": "DISABLE_GOOGLE_ACCESS",
                            "project": "secure-potion-227516",
                            "purpose": "PRIVATE",
                            "region": "us-east1",
                            "role": "",
                            "secondary_ip_range.#": "0",
                            "self_link": "https://www.googleapis.com/compute/v1/projects/secure-potion-227516/regions/us-east1/subnetworks/default",
                            "stack_type": "UNSPECIFIED_STACK_TYPE"
                        },
                        "meta": {
                            "schema_version": 0
                        },
                        "tainted": false
                    },
                    "deposed": [],
                    "provider": "provider.google"
                },
                "google_project.tfer--secure-potion-227516": {
                    "type": "google_project",
                    "depends_on": [],
                    "primary": {
                        "id": "secure-potion-227516",
                        "attributes": {
                            "auto_create_network": "true",
                            "billing_account": "01C382-EBF73F-1E791F",
                            "id": "secure-potion-227516",
                            "labels.%": "0",
                            "name": "Kyle's Project",
                            "number": "204405319640",
                            "project_id": "secure-potion-227516"
                        },
                        "meta": {
                            "schema_version": 1
                        },
                        "tainted": false
                    },
                    "deposed": [],
                    "provider": "provider.google"
                },
                "google_storage_bucket.tfer--maddie-daddy": {
                    "type": "google_storage_bucket",
                    "depends_on": [],
                    "primary": {
                        "id": "maddie-daddy",
                        "attributes": {
                            "cors.#": "0",
                            "default_event_based_hold": "false",
                            "encryption.#": "0",
                            "force_destroy": "false",
                            "id": "maddie-daddy",
                            "labels.%": "0",
                            "lifecycle_rule.#": "0",
                            "location": "US-EAST1",
                            "logging.#": "0",
                            "name": "maddie-daddy",
                            "project": "secure-potion-227516",
                            "requester_pays": "false",
                            "retention_policy.#": "0",
                            "self_link": "https://www.googleapis.com/storage/v1/b/maddie-daddy",
                            "storage_class": "REGIONAL",
                            "uniform_bucket_level_access": "false",
                            "url": "gs://maddie-daddy",
                            "versioning.#": "0",
                            "website.#": "0"
                        },
                        "meta": {
                            "schema_version": 0
                        },
                        "tainted": false
                    },
                    "deposed": [],
                    "provider": "provider.google"
                },
                "google_storage_bucket_acl.tfer--maddie-daddy": {
                    "type": "google_storage_bucket_acl",
                    "depends_on": [],
                    "primary": {
                        "id": "maddie-daddy",
                        "attributes": {
                            "bucket": "maddie-daddy",
                            "id": "maddie-daddy",
                            "role_entity.#": "0"
                        },
                        "meta": {
                            "schema_version": 0
                        },
                        "tainted": false
                    },
                    "deposed": [],
                    "provider": "provider.google"
                },
                "google_storage_bucket_iam_binding.tfer--maddie-daddy": {
                    "type": "google_storage_bucket_iam_binding",
                    "depends_on": [],
                    "primary": {
                        "id": "maddie-daddy",
                        "attributes": {
                            "bucket": "b/maddie-daddy",
                            "id": "maddie-daddy",
                            "members.#": "0",
                            "role": ""
                        },
                        "meta": {
                            "schema_version": 0
                        },
                        "tainted": false
                    },
                    "deposed": [],
                    "provider": "provider.google"
                },
                "google_storage_bucket_iam_policy.tfer--maddie-daddy": {
                    "type": "google_storage_bucket_iam_policy",
                    "depends_on": [],
                    "primary": {
                        "id": "maddie-daddy",
                        "attributes": {
                            "bucket": "b/maddie-daddy",
                            "etag": "CAE=",
                            "id": "maddie-daddy",
                            "policy_data": "{\"bindings\":[{\"members\":[\"projectEditor:secure-potion-227516\",\"projectOwner:secure-potion-227516\"],\"role\":\"roles/storage.legacyBucketOwner\"},{\"members\":[\"projectViewer:secure-potion-227516\"],\"role\":\"roles/storage.legacyBucketReader\"}]}"
                        },
                        "meta": {
                            "schema_version": 0
                        },
                        "tainted": false
                    },
                    "deposed": [],
                    "provider": "provider.google"
                },
                "google_storage_default_object_acl.tfer--maddie-daddy": {
                    "type": "google_storage_default_object_acl",
                    "depends_on": [],
                    "primary": {
                        "id": "maddie-daddy",
                        "attributes": {
                            "bucket": "maddie-daddy",
                            "id": "maddie-daddy",
                            "role_entity.#": "3",
                            "role_entity.0": "OWNER:project-editors-204405319640",
                            "role_entity.1": "OWNER:project-owners-204405319640",
                            "role_entity.2": "READER:project-viewers-204405319640"
                        },
                        "meta": {
                            "schema_version": 0
                        },
                        "tainted": false
                    },
                    "deposed": [],
                    "provider": "provider.google"
                }
            },
            "depends_on": []
        }
    ]
}
